version = 1
revision = 3
requires-python = ">=3.14"

[[package]]
name = "asgiref"
version = "3.11.1"
source = { registry = "https://pypi.org/simple" }
sdist = { url = "https://files.pythonhosted.org/packages/63/40/f03da1264ae8f7cfdbf9146542e5e7e8100a4c66ab48e791df9a03d3f6c0/asgiref-3.11.1.tar.gz", hash = "sha256:5f184dc43b7e763efe848065441eac62229c9f7b0475f41f80e207a114eda4ce", size = 38550, upload-time = "2026-02-03T13:30:14.33Z" }
wheels = [
    { url = "https://files.pythonhosted.org/packages/5c/0a/a72d10ed65068e115044937873362e6e32fab1b7dce0046aeb224682c989/asgiref-3.11.1-py3-none-any.whl", hash = "sha256:e8667a091e69529631969fd45dc268fa79b99c92c5fcdda727757e52146ec133", size = 24345, upload-time = "2026-02-03T13:30:13.039Z" },
]

[[package]]
name = "click"
version = "8.3.1"
source = { registry = "https://pypi.org/simple" }
dependencies = [
    { name = "colorama", marker = "sys_platform == 'win32'" },
]
sdist = { url = "https://files.pythonhosted.org/packages/3d/fa/656b739db8587d7b5dfa22e22ed02566950fbfbcdc20311993483657a5c0/click-8.3.1.tar.gz", hash = "sha256:12ff4785d337a1bb490bb7e9c2b1ee5da3112e94a8622f26a6c77f5d2fc6842a", size = 295065, upload-time = "2025-11-15T20:45:42.706Z" }
wheels = [
    { url = "https://files.pythonhosted.org/packages/98/78/01c019cdb5d6498122777c1a43056ebb3ebfeef2076d9d026bfe15583b2b/click-8.3.1-py3-none-any.whl", hash = "sha256:981153a64e25f12d547d3426c367a4857371575ee7ad18df2a6183ab0545b2a6", size = 108274, upload-time = "2025-11-15T20:45:41.139Z" },
]

[[package]]
name = "colorama"
version = "0.4.6"
source = { registry = "https://pypi.org/simple" }
sdist = { url = "https://files.pythonhosted.org/packages/d8/53/6f443c9a4a8358a93a6792e2acffb9d9d5cb0a5cfd8802644b7b1c9a02e4/colorama-0.4.6.tar.gz", hash = "sha256:08695f5cb7ed6e0531a20572697297273c47b8cae5a63ffc6d6ed5c201be6e44", size = 27697, upload-time = "2022-10-25T02:36:22.414Z" }
wheels = [
    { url = "https://files.pythonhosted.org/packages/d1/d6/3965ed04c63042e047cb6a3e6ed1a63a35087b6a609aa3a15ed8ac56c221/colorama-0.4.6-py2.py3-none-any.whl", hash = "sha256:4f1d9991f5acc0ca119f9d443620b77f9d6b33703e51011c16baf57afb285fc6", size = 25335, upload-time = "2022-10-25T02:36:20.889Z" },
]

[[package]]
name = "crispy-bootstrap5"
version = "2025.6"
source = { registry = "https://pypi.org/simple" }
dependencies = [
    { name = "django" },
    { name = "django-crispy-forms" },
]
sdist = { url = "https://files.pythonhosted.org/packages/97/30/36cc4144b6dff91bb54490a3b474897b7469bcda9517bf9f54681ea91011/crispy_bootstrap5-2025.6.tar.gz", hash = "sha256:f1bde7cac074c650fc82f31777d4a4cfd0df2512c68bc4128f259c75d3daada4", size = 23950, upload-time = "2025-06-08T07:43:35.461Z" }
wheels = [
    { url = "https://files.pythonhosted.org/packages/d8/d4/8cf1ba773a91fc17bab1fd46b75bbdef780c4cccbbb8230e617980a0362c/crispy_bootstrap5-2025.6-py3-none-any.whl", hash = "sha256:a343aa128b4383f35f00295b94de2b10862f2a4f24eda21fa6ead45234c07050", size = 24794, upload-time = "2025-06-08T07:43:34.206Z" },
]

[[package]]
name = "croniter"
version = "6.0.0"
source = { registry = "https://pypi.org/simple" }
dependencies = [
    { name = "python-dateutil" },
    { name = "pytz" },
]
sdist = { url = "https://files.pythonhosted.org/packages/ad/2f/44d1ae153a0e27be56be43465e5cb39b9650c781e001e7864389deb25090/croniter-6.0.0.tar.gz", hash = "sha256:37c504b313956114a983ece2c2b07790b1f1094fe9d81cc94739214748255577", size = 64481, upload-time = "2024-12-17T17:17:47.32Z" }
wheels = [
    { url = "https://files.pythonhosted.org/packages/07/4b/290b4c3efd6417a8b0c284896de19b1d5855e6dbdb97d2a35e68fa42de85/croniter-6.0.0-py2.py3-none-any.whl", hash = "sha256:2f878c3856f17896979b2a4379ba1f09c83e374931ea15cc835c5dd2eee9b368", size = 25468, upload-time = "2024-12-17T17:17:45.359Z" },
]

[[package]]
name = "django"
version = "6.0.2"
source = { registry = "https://pypi.org/simple" }
dependencies = [
    { name = "asgiref" },
    { name = "sqlparse" },
    { name = "tzdata", marker = "sys_platform == 'win32'" },
]
sdist = { url = "https://files.pythonhosted.org/packages/26/3e/a1c4207c5dea4697b7a3387e26584919ba987d8f9320f59dc0b5c557a4eb/django-6.0.2.tar.gz", hash = "sha256:3046a53b0e40d4b676c3b774c73411d7184ae2745fe8ce5e45c0f33d3ddb71a7", size = 10886874, upload-time = "2026-02-03T13:50:31.596Z" }
wheels = [
    { url = "https://files.pythonhosted.org/packages/96/ba/a6e2992bc5b8c688249c00ea48cb1b7a9bc09839328c81dc603671460928/django-6.0.2-py3-none-any.whl", hash = "sha256:610dd3b13d15ec3f1e1d257caedd751db8033c5ad8ea0e2d1219a8acf446ecc6", size = 8339381, upload-time = "2026-02-03T13:50:15.501Z" },
]

[[package]]
name = "django-browser-reload"
version = "1.21.0"
source = { registry = "https://pypi.org/simple" }
dependencies = [
    { name = "asgiref" },
    { name = "django" },
]
sdist = { url = "https://files.pythonhosted.org/packages/79/ef/ab407c1a2f14e13c75a6419a2d124954aa0364f62580ad95a3d31dc6c73d/django_browser_reload-1.21.0.tar.gz", hash = "sha256:3335ad3d107eb657f623d1a8e680dfbcab8a83ae1f94df1895e069dddf5604ba", size = 15800, upload-time = "2025-09-22T17:00:35.199Z" }
wheels = [
    { url = "https://files.pythonhosted.org/packages/46/61/1b4a8c589652859995bcab87682286443eb9fdf2d7fd584975b9ffc1db33/django_browser_reload-1.21.0-py3-none-any.whl", hash = "sha256:0b2a86ab460774fa9bb142a121c70e75a72f18109f51a4f6de409cd633d3a70d", size = 12852, upload-time = "2025-09-22T17:00:33.479Z" },
]

[[package]]
name = "django-colorfield"
version = "0.14.0"
source = { registry = "https://pypi.org/simple" }
dependencies = [
    { name = "pillow" },
]
sdist = { url = "https://files.pythonhosted.org/packages/49/4a/dcc1c9a071cf7e32391139843d4eb127a91bf9cbfe19596f924d51cb1680/django_colorfield-0.14.0.tar.gz", hash = "sha256:478dbd3975a88f2ea2a9afc325faaca05c54ebf04ec985ce130f6dea39dfb899", size = 36971, upload-time = "2025-04-30T19:27:39.581Z" }
wheels = [
    { url = "https://files.pythonhosted.org/packages/e0/63/1226d92ec38286a7c1d41959fb2fb5ba4dd68e4a179d3554c478e8ee6c92/django_colorfield-0.14.0-py3-none-any.whl", hash = "sha256:f169c4e7ad8f336e51d4ea81f866346e7d4f336f3766e54e144cd16ea7d84a0e", size = 34827, upload-time = "2025-04-30T19:27:38.245Z" },
]

[[package]]
name = "django-crispy-forms"
version = "2.5"
source = { registry = "https://pypi.org/simple" }
dependencies = [
    { name = "django" },
]
sdist = { url = "https://files.pythonhosted.org/packages/79/a1/6a638d13717e4d4f8df169dade0fa51bdc65d9825df39d98ce709a776b49/django_crispy_forms-2.5.tar.gz", hash = "sha256:066e72a8f152a1334f1c811cc37740868efe3265e5a218f79079ef89f848c3d8", size = 1097999, upload-time = "2025-11-06T20:44:01.921Z" }
wheels = [
    { url = "https://files.pythonhosted.org/packages/2c/58/ac3a11950baaf75c1f3242e3af9dfe45201f6ee10c113dd37a9c000876d2/django_crispy_forms-2.5-py3-none-any.whl", hash = "sha256:adc99d5901baca09479c53bf536b3909e80a9f2bb299438a223de4c106ebf1f9", size = 31464, upload-time = "2025-11-06T20:44:00.795Z" },
]

[[package]]
name = "django-rq"
version = "3.2.2"
source = { registry = "https://pypi.org/simple" }
dependencies = [
    { name = "django" },
    { name = "redis" },
    { name = "rq" },
]
sdist = { url = "https://files.pythonhosted.org/packages/a1/8e/569d9456aba71746c4ae0f5884440825603bf551350a764801282a1f1f75/django_rq-3.2.2.tar.gz", hash = "sha256:2eaac4e05092895ec09b6da978e5ae9fafc917574934bb2db1bebf1b3395c049", size = 39243, upload-time = "2025-12-24T01:39:53.721Z" }
wheels = [
    { url = "https://files.pythonhosted.org/packages/e8/dc/c6c9b193b8d66b252206e77d6cfdf93724e48ebe5e86e6d70542de9064d5/django_rq-3.2.2-py3-none-any.whl", hash = "sha256:f3808d014a0943774b9425fd1f68366cef23945635b2cf333afcf97af7a3b67d", size = 61844, upload-time = "2025-12-24T01:39:52.225Z" },
]

[[package]]
name = "knowflow"
version = "0.1.0"
source = { virtual = "." }
dependencies = [
    { name = "crispy-bootstrap5" },
    { name = "django" },
    { name = "django-colorfield" },
    { name = "django-rq" },
    { name = "pillow" },
    { name = "sorl-thumbnail" },
]

[package.dev-dependencies]
dev = [
    { name = "django-browser-reload" },
    { name = "watchdog" },
]

[package.metadata]
requires-dist = [
    { name = "crispy-bootstrap5", specifier = ">=2025.6" },
    { name = "django", specifier = ">=6.0.2" },
    { name = "django-colorfield", specifier = ">=0.14.0" },
    { name = "django-rq", specifier = ">=3.2.2" },
    { name = "pillow", specifier = ">=12.1.0" },
    { name = "sorl-thumbnail", specifier = ">=13.0.0" },
]

[package.metadata.requires-dev]
dev = [
    { name = "django-browser-reload", specifier = ">=1.21.0" },
    { name = "watchdog", specifier = ">=6.0.0" },
]

[[package]]
name = "pillow"
version = "12.1.0"
source = { registry = "https://pypi.org/simple" }
sdist = { url = "https://files.pythonhosted.org/packages/d0/02/d52c733a2452ef1ffcc123b68e6606d07276b0e358db70eabad7e40042b7/pillow-12.1.0.tar.gz", hash = "sha256:5c5ae0a06e9ea030ab786b0251b32c7e4ce10e58d983c0d5c56029455180b5b9", size = 46977283, upload-time = "2026-01-02T09:13:29.892Z" }
wheels = [
    { url = "https://files.pythonhosted.org/packages/8c/87/bdf971d8bbcf80a348cc3bacfcb239f5882100fe80534b0ce67a784181d8/pillow-12.1.0-cp314-cp314-ios_13_0_arm64_iphoneos.whl", hash = "sha256:5cb7bc1966d031aec37ddb9dcf15c2da5b2e9f7cc3ca7c54473a20a927e1eb91", size = 4062533, upload-time = "2026-01-02T09:12:20.791Z" },
    { url = "https://files.pythonhosted.org/packages/ff/4f/5eb37a681c68d605eb7034c004875c81f86ec9ef51f5be4a63eadd58859a/pillow-12.1.0-cp314-cp314-ios_13_0_arm64_iphonesimulator.whl", hash = "sha256:97e9993d5ed946aba26baf9c1e8cf18adbab584b99f452ee72f7ee8acb882796", size = 4138546, upload-time = "2026-01-02T09:12:23.664Z" },
    { url = "https://files.pythonhosted.org/packages/11/6d/19a95acb2edbace40dcd582d077b991646b7083c41b98da4ed7555b59733/pillow-12.1.0-cp314-cp314-ios_13_0_x86_64_iphonesimulator.whl", hash = "sha256:414b9a78e14ffeb98128863314e62c3f24b8a86081066625700b7985b3f529bd", size = 3601163, upload-time = "2026-01-02T09:12:26.338Z" },
    { url = "https://files.pythonhosted.org/packages/fc/36/2b8138e51cb42e4cc39c3297713455548be855a50558c3ac2beebdc251dd/pillow-12.1.0-cp314-cp314-macosx_10_15_x86_64.whl", hash = "sha256:e6bdb408f7c9dd2a5ff2b14a3b0bb6d4deb29fb9961e6eb3ae2031ae9a5cec13", size = 5266086, upload-time = "2026-01-02T09:12:28.782Z" },
    { url = "https://files.pythonhosted.org/packages/53/4b/649056e4d22e1caa90816bf99cef0884aed607ed38075bd75f091a607a38/pillow-12.1.0-cp314-cp314-macosx_11_0_arm64.whl", hash = "sha256:3413c2ae377550f5487991d444428f1a8ae92784aac79caa8b1e3b89b175f77e", size = 4657344, upload-time = "2026-01-02T09:12:31.117Z" },
    { url = "https://files.pythonhosted.org/packages/6c/6b/c5742cea0f1ade0cd61485dc3d81f05261fc2276f537fbdc00802de56779/pillow-12.1.0-cp314-cp314-manylinux2014_aarch64.manylinux_2_17_aarch64.whl", hash = "sha256:e5dcbe95016e88437ecf33544ba5db21ef1b8dd6e1b434a2cb2a3d605299e643", size = 6232114, upload-time = "2026-01-02T09:12:32.936Z" },
    { url = "https://files.pythonhosted.org/packages/bf/8f/9f521268ce22d63991601aafd3d48d5ff7280a246a1ef62d626d67b44064/pillow-12.1.0-cp314-cp314-manylinux2014_x86_64.manylinux_2_17_x86_64.whl", hash = "sha256:d0a7735df32ccbcc98b98a1ac785cc4b19b580be1bdf0aeb5c03223220ea09d5", size = 8042708, upload-time = "2026-01-02T09:12:34.78Z" },
    { url = "https://files.pythonhosted.org/packages/1a/eb/257f38542893f021502a1bbe0c2e883c90b5cff26cc33b1584a841a06d30/pillow-12.1.0-cp314-cp314-manylinux_2_27_aarch64.manylinux_2_28_aarch64.whl", hash = "sha256:0c27407a2d1b96774cbc4a7594129cc027339fd800cd081e44497722ea1179de", size = 6347762, upload-time = "2026-01-02T09:12:36.748Z" },
    { url = "https://files.pythonhosted.org/packages/c4/5a/8ba375025701c09b309e8d5163c5a4ce0102fa86bbf8800eb0d7ac87bc51/pillow-12.1.0-cp314-cp314-manylinux_2_27_x86_64.manylinux_2_28_x86_64.whl", hash = "sha256:15c794d74303828eaa957ff8070846d0efe8c630901a1c753fdc63850e19ecd9", size = 7039265, upload-time = "2026-01-02T09:12:39.082Z" },
    { url = "https://files.pythonhosted.org/packages/cf/dc/cf5e4cdb3db533f539e88a7bbf9f190c64ab8a08a9bc7a4ccf55067872e4/pillow-12.1.0-cp314-cp314-musllinux_1_2_aarch64.whl", hash = "sha256:c990547452ee2800d8506c4150280757f88532f3de2a58e3022e9b179107862a", size = 6462341, upload-time = "2026-01-02T09:12:40.946Z" },
    { url = "https://files.pythonhosted.org/packages/d0/47/0291a25ac9550677e22eda48510cfc4fa4b2ef0396448b7fbdc0a6946309/pillow-12.1.0-cp314-cp314-musllinux_1_2_x86_64.whl", hash = "sha256:b63e13dd27da389ed9475b3d28510f0f954bca0041e8e551b2a4eb1eab56a39a", size = 7165395, upload-time = "2026-01-02T09:12:42.706Z" },
    { url = "https://files.pythonhosted.org/packages/4f/4c/e005a59393ec4d9416be06e6b45820403bb946a778e39ecec62f5b2b991e/pillow-12.1.0-cp314-cp314-win32.whl", hash = "sha256:1a949604f73eb07a8adab38c4fe50791f9919344398bdc8ac6b307f755fc7030", size = 6431413, upload-time = "2026-01-02T09:12:44.944Z" },
    { url = "https://files.pythonhosted.org/packages/1c/af/f23697f587ac5f9095d67e31b81c95c0249cd461a9798a061ed6709b09b5/pillow-12.1.0-cp314-cp314-win_amd64.whl", hash = "sha256:4f9f6a650743f0ddee5593ac9e954ba1bdbc5e150bc066586d4f26127853ab94", size = 7176779, upload-time = "2026-01-02T09:12:46.727Z" },
    { url = "https://files.pythonhosted.org/packages/b3/36/6a51abf8599232f3e9afbd16d52829376a68909fe14efe29084445db4b73/pillow-12.1.0-cp314-cp314-win_arm64.whl", hash = "sha256:808b99604f7873c800c4840f55ff389936ef1948e4e87645eaf3fccbc8477ac4", size = 2543105, upload-time = "2026-01-02T09:12:49.243Z" },
    { url = "https://files.pythonhosted.org/packages/82/54/2e1dd20c8749ff225080d6ba465a0cab4387f5db0d1c5fb1439e2d99923f/pillow-12.1.0-cp314-cp314t-macosx_10_15_x86_64.whl", hash = "sha256:bc11908616c8a283cf7d664f77411a5ed2a02009b0097ff8abbba5e79128ccf2", size = 5268571, upload-time = "2026-01-02T09:12:51.11Z" },
    { url = "https://files.pythonhosted.org/packages/57/61/571163a5ef86ec0cf30d265ac2a70ae6fc9e28413d1dc94fa37fae6bda89/pillow-12.1.0-cp314-cp314t-macosx_11_0_arm64.whl", hash = "sha256:896866d2d436563fa2a43a9d72f417874f16b5545955c54a64941e87c1376c61", size = 4660426, upload-time = "2026-01-02T09:12:52.865Z" },
    { url = "https://files.pythonhosted.org/packages/5e/e1/53ee5163f794aef1bf84243f755ee6897a92c708505350dd1923f4afec48/pillow-12.1.0-cp314-cp314t-manylinux2014_aarch64.manylinux_2_17_aarch64.whl", hash = "sha256:8e178e3e99d3c0ea8fc64b88447f7cac8ccf058af422a6cedc690d0eadd98c51", size = 6269908, upload-time = "2026-01-02T09:12:54.884Z" },
    { url = "https://files.pythonhosted.org/packages/bc/0b/b4b4106ff0ee1afa1dc599fde6ab230417f800279745124f6c50bcffed8e/pillow-12.1.0-cp314-cp314t-manylinux2014_x86_64.manylinux_2_17_x86_64.whl", hash = "sha256:079af2fb0c599c2ec144ba2c02766d1b55498e373b3ac64687e43849fbbef5bc", size = 8074733, upload-time = "2026-01-02T09:12:56.802Z" },
    { url = "https://files.pythonhosted.org/packages/19/9f/80b411cbac4a732439e629a26ad3ef11907a8c7fc5377b7602f04f6fe4e7/pillow-12.1.0-cp314-cp314t-manylinux_2_27_aarch64.manylinux_2_28_aarch64.whl", hash = "sha256:bdec5e43377761c5dbca620efb69a77f6855c5a379e32ac5b158f54c84212b14", size = 6381431, upload-time = "2026-01-02T09:12:58.823Z" },
    { url = "https://files.pythonhosted.org/packages/8f/b7/d65c45db463b66ecb6abc17c6ba6917a911202a07662247e1355ce1789e7/pillow-12.1.0-cp314-cp314t-manylinux_2_27_x86_64.manylinux_2_28_x86_64.whl", hash = "sha256:565c986f4b45c020f5421a4cea13ef294dde9509a8577f29b2fc5edc7587fff8", size = 7068529, upload-time = "2026-01-02T09:13:00.885Z" },
    { url = "https://files.pythonhosted.org/packages/50/96/dfd4cd726b4a45ae6e3c669fc9e49deb2241312605d33aba50499e9d9bd1/pillow-12.1.0-cp314-cp314t-musllinux_1_2_aarch64.whl", hash = "sha256:43aca0a55ce1eefc0aefa6253661cb54571857b1a7b2964bd8a1e3ef4b729924", size = 6492981, upload-time = "2026-01-02T09:13:03.314Z" },
    { url = "https://files.pythonhosted.org/packages/4d/1c/b5dc52cf713ae46033359c5ca920444f18a6359ce1020dd3e9c553ea5bc6/pillow-12.1.0-cp314-cp314t-musllinux_1_2_x86_64.whl", hash = "sha256:0deedf2ea233722476b3a81e8cdfbad786f7adbed5d848469fa59fe52396e4ef", size = 7191878, upload-time = "2026-01-02T09:13:05.276Z" },
    { url = "https://files.pythonhosted.org/packages/53/26/c4188248bd5edaf543864fe4834aebe9c9cb4968b6f573ce014cc42d0720/pillow-12.1.0-cp314-cp314t-win32.whl", hash = "sha256:b17fbdbe01c196e7e159aacb889e091f28e61020a8abeac07b68079b6e626988", size = 6438703, upload-time = "2026-01-02T09:13:07.491Z" },
    { url = "https://files.pythonhosted.org/packages/b8/0e/69ed296de8ea05cb03ee139cee600f424ca166e632567b2d66727f08c7ed/pillow-12.1.0-cp314-cp314t-win_amd64.whl", hash = "sha256:27b9baecb428899db6c0de572d6d305cfaf38ca1596b5c0542a5182e3e74e8c6", size = 7182927, upload-time = "2026-01-02T09:13:09.841Z" },
    { url = "https://files.pythonhosted.org/packages/fc/f5/68334c015eed9b5cff77814258717dec591ded209ab5b6fb70e2ae873d1d/pillow-12.1.0-cp314-cp314t-win_arm64.whl", hash = "sha256:f61333d817698bdcdd0f9d7793e365ac3d2a21c1f1eb02b32ad6aefb8d8ea831", size = 2545104, upload-time = "2026-01-02T09:13:12.068Z" },
]

[[package]]
name = "python-dateutil"
version = "2.9.0.post0"
source = { registry = "https://pypi.org/simple" }
dependencies = [
    { name = "six" },
]
sdist = { url = "https://files.pythonhosted.org/packages/66/c0/0c8b6ad9f17a802ee498c46e004a0eb49bc148f2fd230864601a86dcf6db/python-dateutil-2.9.0.post0.tar.gz", hash = "sha256:37dd54208da7e1cd875388217d5e00ebd4179249f90fb72437e91a35459a0ad3", size = 342432, upload-time = "2024-03-01T18:36:20.211Z" }
wheels = [
    { url = "https://files.pythonhosted.org/packages/ec/57/56b9bcc3c9c6a792fcbaf139543cee77261f3651ca9da0c93f5c1221264b/python_dateutil-2.9.0.post0-py2.py3-none-any.whl", hash = "sha256:a8b2bc7bffae282281c8140a97d3aa9c14da0b136dfe83f850eea9a5f7470427", size = 229892, upload-time = "2024-03-01T18:36:18.57Z" },
]

[[package]]
name = "pytz"
version = "2025.2"
source = { registry = "https://pypi.org/simple" }
sdist = { url = "https://files.pythonhosted.org/packages/f8/bf/abbd3cdfb8fbc7fb3d4d38d320f2441b1e7cbe29be4f23797b4a2b5d8aac/pytz-2025.2.tar.gz", hash = "sha256:360b9e3dbb49a209c21ad61809c7fb453643e048b38924c765813546746e81c3", size = 320884, upload-time = "2025-03-25T02:25:00.538Z" }
wheels = [
    { url = "https://files.pythonhosted.org/packages/81/c4/34e93fe5f5429d7570ec1fa436f1986fb1f00c3e0f43a589fe2bbcd22c3f/pytz-2025.2-py2.py3-none-any.whl", hash = "sha256:5ddf76296dd8c44c26eb8f4b6f35488f3ccbf6fbbd7adee0b7262d43f0ec2f00", size = 509225, upload-time = "2025-03-25T02:24:58.468Z" },
]

[[package]]
name = "redis"
version = "7.1.0"
source = { registry = "https://pypi.org/simple" }
sdist = { url = "https://files.pythonhosted.org/packages/43/c8/983d5c6579a411d8a99bc5823cc5712768859b5ce2c8afe1a65b37832c81/redis-7.1.0.tar.gz", hash = "sha256:b1cc3cfa5a2cb9c2ab3ba700864fb0ad75617b41f01352ce5779dabf6d5f9c3c", size = 4796669, upload-time = "2025-11-19T15:54:39.961Z" }
wheels = [
    { url = "https://files.pythonhosted.org/packages/89/f0/8956f8a86b20d7bb9d6ac0187cf4cd54d8065bc9a1a09eb8011d4d326596/redis-7.1.0-py3-none-any.whl", hash = "sha256:23c52b208f92b56103e17c5d06bdc1a6c2c0b3106583985a76a18f83b265de2b", size = 354159, upload-time = "2025-11-19T15:54:38.064Z" },
]

[[package]]
name = "rq"
version = "2.6.1"
source = { registry = "https://pypi.org/simple" }
dependencies = [
    { name = "click" },
    { name = "croniter" },
    { name = "redis" },
]
sdist = { url = "https://files.pythonhosted.org/packages/86/6f/a2848f5ba0ca7f1f879c7ad44a2e7b06b98197a7da39be39eda775807f33/rq-2.6.1.tar.gz", hash = "sha256:db5c0d125ac9dbd4438f9a5225ea3e64050542b416fd791d424e2ab5b2853289", size = 675386, upload-time = "2025-11-22T06:45:16.673Z" }
wheels = [
    { url = "https://files.pythonhosted.org/packages/4b/cc/919ccbf0c9b4f8b0f68c3f53e6d8e1e94af4d74cee4e6d3cb2e81f7d0da9/rq-2.6.1-py3-none-any.whl", hash = "sha256:5cc88d3bb5263a407fb2ba2dc6fe8dc710dae94b6f74396cdfe1b32beded9408", size = 112578, upload-time = "2025-11-22T06:45:13.529Z" },
]

[[package]]
name = "six"
version = "1.17.0"
source = { registry = "https://pypi.org/simple" }
sdist = { url = "https://files.pythonhosted.org/packages/94/e7/b2c673351809dca68a0e064b6af791aa332cf192da575fd474ed7d6f16a2/six-1.17.0.tar.gz", hash = "sha256:ff70335d468e7eb6ec65b95b99d3a2836546063f63acc5171de367e834932a81", size = 34031, upload-time = "2024-12-04T17:35:28.174Z" }
wheels = [
    { url = "https://files.pythonhosted.org/packages/b7/ce/149a00dd41f10bc29e5921b496af8b574d8413afcd5e30dfa0ed46c2cc5e/six-1.17.0-py2.py3-none-any.whl", hash = "sha256:4721f391ed90541fddacab5acf947aa0d3dc7d27b2e1e8eda2be8970586c3274", size = 11050, upload-time = "2024-12-04T17:35:26.475Z" },
]

[[package]]
name = "sorl-thumbnail"
version = "13.0.0"
source = { registry = "https://pypi.org/simple" }
sdist = { url = "https://files.pythonhosted.org/packages/c4/d8/038201e8fc4bda7f7905c41155af70fc0d15f94f90baac52f04ea66ad3af/sorl_thumbnail-13.0.0.tar.gz", hash = "sha256:75f1f22fa742846917ca4774cd4c578cd802ff5e4f6f53328735c3a38264ee49", size = 668977, upload-time = "2026-01-22T15:20:51.624Z" }
wheels = [
    { url = "https://files.pythonhosted.org/packages/ea/8b/04d8eaaffbdfc17792b008d7bdf0b379e6bb2648ce262e96c95f76f4ba7c/sorl_thumbnail-13.0.0-py3-none-any.whl", hash = "sha256:8035d218b2b90511326c9a73dbf6e8a829f9ea808e448e98332190a0e2c0ee18", size = 43136, upload-time = "2026-01-22T15:20:37.103Z" },
]

[[package]]
name = "sqlparse"
version = "0.5.5"
source = { registry = "https://pypi.org/simple" }
sdist = { url = "https://files.pythonhosted.org/packages/90/76/437d71068094df0726366574cf3432a4ed754217b436eb7429415cf2d480/sqlparse-0.5.5.tar.gz", hash = "sha256:e20d4a9b0b8585fdf63b10d30066c7c94c5d7a7ec47c889a2d83a3caa93ff28e", size = 120815, upload-time = "2025-12-19T07:17:45.073Z" }
wheels = [
    { url = "https://files.pythonhosted.org/packages/49/4b/359f28a903c13438ef59ebeee215fb25da53066db67b305c125f1c6d2a25/sqlparse-0.5.5-py3-none-any.whl", hash = "sha256:12a08b3bf3eec877c519589833aed092e2444e68240a3577e8e26148acc7b1ba", size = 46138, upload-time = "2025-12-19T07:17:46.573Z" },
]

[[package]]
name = "tzdata"
version = "2025.3"
source = { registry = "https://pypi.org/simple" }
sdist = { url = "https://files.pythonhosted.org/packages/5e/a7/c202b344c5ca7daf398f3b8a477eeb205cf3b6f32e7ec3a6bac0629ca975/tzdata-2025.3.tar.gz", hash = "sha256:de39c2ca5dc7b0344f2eba86f49d614019d29f060fc4ebc8a417896a620b56a7", size = 196772, upload-time = "2025-12-13T17:45:35.667Z" }
wheels = [
    { url = "https://files.pythonhosted.org/packages/c7/b0/003792df09decd6849a5e39c28b513c06e84436a54440380862b5aeff25d/tzdata-2025.3-py2.py3-none-any.whl", hash = "sha256:06a47e5700f3081aab02b2e513160914ff0694bce9947d6b76ebd6bf57cfc5d1", size = 348521, upload-time = "2025-12-13T17:45:33.889Z" },
]

[[package]]
name = "watchdog"
version = "6.0.0"
source = { registry = "https://pypi.org/simple" }
sdist = { url = "https://files.pythonhosted.org/packages/db/7d/7f3d619e951c88ed75c6037b246ddcf2d322812ee8ea189be89511721d54/watchdog-6.0.0.tar.gz", hash = "sha256:9ddf7c82fda3ae8e24decda1338ede66e1c99883db93711d8fb941eaa2d8c282", size = 131220, upload-time = "2024-11-01T14:07:13.037Z" }
wheels = [
    { url = "https://files.pythonhosted.org/packages/a9/c7/ca4bf3e518cb57a686b2feb4f55a1892fd9a3dd13f470fca14e00f80ea36/watchdog-6.0.0-py3-none-manylinux2014_aarch64.whl", hash = "sha256:7607498efa04a3542ae3e05e64da8202e58159aa1fa4acddf7678d34a35d4f13", size = 79079, upload-time = "2024-11-01T14:06:59.472Z" },
    { url = "https://files.pythonhosted.org/packages/5c/51/d46dc9332f9a647593c947b4b88e2381c8dfc0942d15b8edc0310fa4abb1/watchdog-6.0.0-py3-none-manylinux2014_armv7l.whl", hash = "sha256:9041567ee8953024c83343288ccc458fd0a2d811d6a0fd68c4c22609e3490379", size = 79078, upload-time = "2024-11-01T14:07:01.431Z" },
    { url = "https://files.pythonhosted.org/packages/d4/57/04edbf5e169cd318d5f07b4766fee38e825d64b6913ca157ca32d1a42267/watchdog-6.0.0-py3-none-manylinux2014_i686.whl", hash = "sha256:82dc3e3143c7e38ec49d61af98d6558288c415eac98486a5c581726e0737c00e", size = 79076, upload-time = "2024-11-01T14:07:02.568Z" },
    { url = "https://files.pythonhosted.org/packages/ab/cc/da8422b300e13cb187d2203f20b9253e91058aaf7db65b74142013478e66/watchdog-6.0.0-py3-none-manylinux2014_ppc64.whl", hash = "sha256:212ac9b8bf1161dc91bd09c048048a95ca3a4c4f5e5d4a7d1b1a7d5752a7f96f", size = 79077, upload-time = "2024-11-01T14:07:03.893Z" },
    { url = "https://files.pythonhosted.org/packages/2c/3b/b8964e04ae1a025c44ba8e4291f86e97fac443bca31de8bd98d3263d2fcf/watchdog-6.0.0-py3-none-manylinux2014_ppc64le.whl", hash = "sha256:e3df4cbb9a450c6d49318f6d14f4bbc80d763fa587ba46ec86f99f9e6876bb26", size = 79078, upload-time = "2024-11-01T14:07:05.189Z" },
    { url = "https://files.pythonhosted.org/packages/62/ae/a696eb424bedff7407801c257d4b1afda455fe40821a2be430e173660e81/watchdog-6.0.0-py3-none-manylinux2014_s390x.whl", hash = "sha256:2cce7cfc2008eb51feb6aab51251fd79b85d9894e98ba847408f662b3395ca3c", size = 79077, upload-time = "2024-11-01T14:07:06.376Z" },
    { url = "https://files.pythonhosted.org/packages/b5/e8/dbf020b4d98251a9860752a094d09a65e1b436ad181faf929983f697048f/watchdog-6.0.0-py3-none-manylinux2014_x86_64.whl", hash = "sha256:20ffe5b202af80ab4266dcd3e91aae72bf2da48c0d33bdb15c66658e685e94e2", size = 79078, upload-time = "2024-11-01T14:07:07.547Z" },
    { url = "https://files.pythonhosted.org/packages/07/f6/d0e5b343768e8bcb4cda79f0f2f55051bf26177ecd5651f84c07567461cf/watchdog-6.0.0-py3-none-win32.whl", hash = "sha256:07df1fdd701c5d4c8e55ef6cf55b8f0120fe1aef7ef39a1c6fc6bc2e606d517a", size = 79065, upload-time = "2024-11-01T14:07:09.525Z" },
    { url = "https://files.pythonhosted.org/packages/db/d9/c495884c6e548fce18a8f40568ff120bc3a4b7b99813081c8ac0c936fa64/watchdog-6.0.0-py3-none-win_amd64.whl", hash = "sha256:cbafb470cf848d93b5d013e2ecb245d4aa1c8fd0504e863ccefa32445359d680", size = 79070, upload-time = "2024-11-01T14:07:10.686Z" },
    { url = "https://files.pythonhosted.org/packages/33/e8/e40370e6d74ddba47f002a32919d91310d6074130fe4e17dabcafc15cbf1/watchdog-6.0.0-py3-none-win_ia64.whl", hash = "sha256:a1914259fa9e1454315171103c6a30961236f508b9b623eae470268bbcc6a22f", size = 79067, upload-time = "2024-11-01T14:07:11.845Z" },
]
